
Microsoft Visual Studio Solution File, Format Version 12.00
# Visual Studio Version 17
VisualStudioVersion = 17.0.31717.71
MinimumVisualStudioVersion = 10.0.40219.1
Project("{FAE04EC0-301F-11D3-BF4B-00C04F79EFBC}") = "TextAnalyticsForHealthFunction", "TextAnalyticsForHealthFunction.csproj", "{910346FD-5DE9-4E34-AF16-F763759D76C1}"
EndProject
Global
	GlobalSection(SolutionConfigurationPlatforms) = preSolution
		Debug|Any CPU = Debug|Any CPU
		Release|Any CPU = Release|Any CPU
	EndGlobalSection
	GlobalSection(ProjectConfigurationPlatforms) = postSolution
		{910346FD-5DE9-4E34-AF16-F763759D76C1}.Debug|Any CPU.ActiveCfg = Debug|Any CPU
		{910346FD-5DE9-4E34-AF16-F763759D76C1}.Debug|Any CPU.Build.0 = Debug|Any CPU
		{910346FD-5DE9-4E34-AF16-F763759D76C1}.Release|Any CPU.ActiveCfg = Release|Any CPU
		{910346FD-5DE9-4E34-AF16-F763759D76C1}.Release|Any CPU.Build.0 = Release|Any CPU
	EndGlobalSection
	GlobalSection(SolutionProperties) = preSolution
		HideSolutionNode = FALSE
	EndGlobalSection
	GlobalSection(ExtensibilityGlobals) = postSolution
		SolutionGuid = {4917E206-8BF3-4ECA-9502-CBAFE03DAF7A}
	EndGlobalSection
EndGlobal
